{
  "nodes": {
    "flake-parts": {
      "inputs": {
        "nixpkgs-lib": "nixpkgs-lib"
      },
      "locked": {
        "lastModified": 1762440070,
        "narHash": "sha256-xxdepIcb39UJ94+YydGP221rjnpkDZUlykKuF54PsqI=",
        "owner": "hercules-ci",
        "repo": "flake-parts",
        "rev": "26d05891e14c88eb4a5d5bee659c0db5afb609d8",
        "type": "github"
      },
      "original": {
        "owner": "hercules-ci",
        "repo": "flake-parts",
        "type": "github"
      }
    },
    "flake-utils": {
      "inputs": {
        "systems": "systems"
      },
      "locked": {
        "lastModified": 1731533236,
        "narHash": "sha256-l0KFg5HjrsfsO/JpG+r7fRrqm12kzFHyUHqHCVpMMbI=",
        "owner": "numtide",
        "repo": "flake-utils",
        "rev": "11707dc2f618dd54ca8739b309ec4fc024de578b",
        "type": "github"
      },
      "original": {
        "owner": "numtide",
        "repo": "flake-utils",
        "type": "github"
      }
    },
    "flake-utils_2": {
      "inputs": {
        "systems": "systems_2"
      },
      "locked": {
        "lastModified": 1731533236,
        "narHash": "sha256-l0KFg5HjrsfsO/JpG+r7fRrqm12kzFHyUHqHCVpMMbI=",
        "owner": "numtide",
        "repo": "flake-utils",
        "rev": "11707dc2f618dd54ca8739b309ec4fc024de578b",
        "type": "github"
      },
      "original": {
        "owner": "numtide",
        "repo": "flake-utils",
        "type": "github"
      }
    },
    "home-manager": {
      "inputs": {
        "nixpkgs": [
          "nixpkgs"
        ]
      },
      "locked": {
        "lastModified": 1762964643,
        "narHash": "sha256-RYHN8O/Aja59XDji6WSJZPkJpYVUfpSkyH+PEupBJqM=",
        "owner": "nix-community",
        "repo": "home-manager",
        "rev": "827f2a23373a774a8805f84ca5344654c31f354b",
        "type": "github"
      },
      "original": {
        "owner": "nix-community",
        "repo": "home-manager",
        "type": "github"
      }
    },
    "home-manager_2": {
      "inputs": {
        "nixpkgs": [
          "hydenix",
          "nixpkgs"
        ]
      },
      "locked": {
        "lastModified": 1762041416,
        "narHash": "sha256-rmJKABRXnhFjjI6RB/MnEvLTQa569zu684Th9y6UlOI=",
        "owner": "nix-community",
        "repo": "home-manager",
        "rev": "c0016dd14773f4ca0b467b74c7cdcc501570df4b",
        "type": "github"
      },
      "original": {
        "owner": "nix-community",
        "repo": "home-manager",
        "type": "github"
      }
    },
    "home-manager_3": {
      "inputs": {
        "nixpkgs": [
          "nix-podman-stacks",
          "nixpkgs"
        ]
      },
      "locked": {
        "lastModified": 1755928099,
        "narHash": "sha256-OILVkfhRCm8u18IZ2DKR8gz8CVZM2ZcJmQBXmjFLIfk=",
        "owner": "nix-community",
        "repo": "home-manager",
        "rev": "4a44fb9f7555da362af9d499817084f4288a957f",
        "type": "github"
      },
      "original": {
        "owner": "nix-community",
        "ref": "release-25.05",
        "repo": "home-manager",
        "type": "github"
      }
    },
    "hyde": {
      "flake": false,
      "locked": {
        "lastModified": 1758290412,
        "narHash": "sha256-fXW+yxDQ0iLFX2YuKDpv82lIPbGDgii5kpsWCDp3m4s=",
        "owner": "HyDE-Project",
        "repo": "HyDE",
        "rev": "f246f2a89b8e862b96042cb2b291b191289c2fde",
        "type": "github"
      },
      "original": {
        "owner": "HyDE-Project",
        "repo": "HyDE",
        "rev": "f246f2a89b8e862b96042cb2b291b191289c2fde",
        "type": "github"
      }
    },
    "hyde-config": {
      "inputs": {
        "nixpkgs": [
          "hydenix",
          "nixpkgs"
        ]
      },
      "locked": {
        "lastModified": 1754889600,
        "narHash": "sha256-kn35QcO7OxZxcYyaZNxQ4tBsLdeSi1u2kbWdPg/pky0=",
        "owner": "richen604",
        "repo": "hyde-config",
        "rev": "59dc0659e0cfb72552616553f5b2635cf40c2184",
        "type": "github"
      },
      "original": {
        "owner": "richen604",
        "repo": "hyde-config",
        "type": "github"
      }
    },
    "hyde-ipc": {
      "inputs": {
        "nixpkgs": [
          "hydenix",
          "nixpkgs"
        ],
        "rust-overlay": "rust-overlay"
      },
      "locked": {
        "lastModified": 1762476031,
        "narHash": "sha256-cyCRPPqpSwjh4XN2RzCmlpOMBC2p9/GP4CCdBCS9Rww=",
        "owner": "richen604",
        "repo": "hyde-ipc",
        "rev": "324839b4b4d45ed2760e4fca6a796a47a0704b2a",
        "type": "github"
      },
      "original": {
        "owner": "richen604",
        "repo": "hyde-ipc",
        "type": "github"
      }
    },
    "hydectl": {
      "inputs": {
        "nixpkgs": [
          "hydenix",
          "nixpkgs"
        ]
      },
      "locked": {
        "lastModified": 1755057332,
        "narHash": "sha256-TVLjDL4+SdoXJrNu5TLiUSDD73CdVWfAn3aE2c4aShg=",
        "owner": "richen604",
        "repo": "hydectl",
        "rev": "a19610347de2230175e5d8807584db65d0588134",
        "type": "github"
      },
      "original": {
        "owner": "richen604",
        "repo": "hydectl",
        "type": "github"
      }
    },
    "hydenix": {
      "inputs": {
        "home-manager": "home-manager_2",
        "hyde": "hyde",
        "hyde-config": "hyde-config",
        "hyde-ipc": "hyde-ipc",
        "hydectl": "hydectl",
        "hyq": "hyq",
        "nix-index-database": "nix-index-database",
        "nixos-hardware": "nixos-hardware",
        "nixpkgs": "nixpkgs_2"
      },
      "locked": {
        "lastModified": 1762539222,
        "narHash": "sha256-XCE8t8FWjo7eQeuGUHevSaFHtmXCLm6fD0AKFl7DYWQ=",
        "owner": "richen604",
        "repo": "hydenix",
        "rev": "53230b2bb8dc633ea367c196e9e14d337e5435a3",
        "type": "github"
      },
      "original": {
        "owner": "richen604",
        "repo": "hydenix",
        "type": "github"
      }
    },
    "hyq": {
      "inputs": {
        "flake-utils": "flake-utils",
        "nixpkgs": [
          "hydenix",
          "nixpkgs"
        ]
      },
      "locked": {
        "lastModified": 1758587209,
        "narHash": "sha256-fcsxLi/1MMNZvyaQ3LZEtIgSe2UMqg/4Ghj0rYszFdM=",
        "owner": "richen604",
        "repo": "hyprquery",
        "rev": "a2934ca4a551b130c3e3076990774d17678a1b4e",
        "type": "github"
      },
      "original": {
        "owner": "richen604",
        "repo": "hyprquery",
        "type": "github"
      }
    },
    "ixx": {
      "inputs": {
        "flake-utils": [
          "nix-podman-stacks",
          "search",
          "flake-utils"
        ],
        "nixpkgs": [
          "nix-podman-stacks",
          "search",
          "nixpkgs"
        ]
      },
      "locked": {
        "lastModified": 1754860581,
        "narHash": "sha256-EM0IE63OHxXCOpDHXaTyHIOk2cNvMCGPqLt/IdtVxgk=",
        "owner": "NuschtOS",
        "repo": "ixx",
        "rev": "babfe85a876162c4acc9ab6fb4483df88fa1f281",
        "type": "github"
      },
      "original": {
        "owner": "NuschtOS",
        "ref": "v0.1.1",
        "repo": "ixx",
        "type": "github"
      }
    },
    "nix-gaming": {
      "inputs": {
        "flake-parts": "flake-parts",
        "nixpkgs": "nixpkgs_3"
      },
      "locked": {
        "lastModified": 1762826226,
        "narHash": "sha256-M4rbwlO4peCHRvA+WNYCmg8je4YBF7kSY9tG+p1kEKo=",
        "owner": "fufexan",
        "repo": "nix-gaming",
        "rev": "eefca17cb40462878ee1c46ac6910b2ec21adaa8",
        "type": "github"
      },
      "original": {
        "owner": "fufexan",
        "repo": "nix-gaming",
        "type": "github"
      }
    },
    "nix-index-database": {
      "inputs": {
        "nixpkgs": [
          "hydenix",
          "nixpkgs"
        ]
      },
      "locked": {
        "lastModified": 1761451000,
        "narHash": "sha256-qBJL6xEIjqYq9zOcG2vf2nPTeVBppNJzvO0LuQWMwMo=",
        "owner": "nix-community",
        "repo": "nix-index-database",
        "rev": "ed6b293161b378a7368cda38659eb8d3d9a0dac4",
        "type": "github"
      },
      "original": {
        "owner": "nix-community",
        "repo": "nix-index-database",
        "type": "github"
      }
    },
    "nix-podman-stacks": {
      "inputs": {
        "home-manager": "home-manager_3",
        "nixpkgs": [
          "nixpkgs"
        ],
        "search": "search",
        "sops-nix": "sops-nix"
      },
      "locked": {
        "lastModified": 1762951475,
        "narHash": "sha256-dJN5dTk4hPIm1J+hxhcv+eKWFbW19DZRvwqrTBga7Ss=",
        "owner": "Tarow",
        "repo": "nix-podman-stacks",
        "rev": "4868df952dfa37742f705a188b77a795cdace88b",
        "type": "github"
      },
      "original": {
        "owner": "Tarow",
        "repo": "nix-podman-stacks",
        "type": "github"
      }
    },
    "nixos-hardware": {
      "locked": {
        "lastModified": 1761933221,
        "narHash": "sha256-rNHeoG3ZrA94jczyLSjxCtu67YYPYIlXXr0uhG3wNxM=",
        "owner": "nixos",
        "repo": "nixos-hardware",
        "rev": "7467f155fcba189eb088a7601f44fbef7688669b",
        "type": "github"
      },
      "original": {
        "owner": "nixos",
        "ref": "master",
        "repo": "nixos-hardware",
        "type": "github"
      }
    },
    "nixos-hardware_2": {
      "locked": {
        "lastModified": 1762847253,
        "narHash": "sha256-BWWnUUT01lPwCWUvS0p6Px5UOBFeXJ8jR+ZdLX8IbrU=",
        "owner": "nixos",
        "repo": "nixos-hardware",
        "rev": "899dc449bc6428b9ee6b3b8f771ca2b0ef945ab9",
        "type": "github"
      },
      "original": {
        "owner": "nixos",
        "ref": "master",
        "repo": "nixos-hardware",
        "type": "github"
      }
    },
    "nixpkgs": {
      "locked": {
        "lastModified": 1744536153,
        "narHash": "sha256-awS2zRgF4uTwrOKwwiJcByDzDOdo3Q1rPZbiHQg/N38=",
        "owner": "NixOS",
        "repo": "nixpkgs",
        "rev": "18dd725c29603f582cf1900e0d25f9f1063dbf11",
        "type": "github"
      },
      "original": {
        "owner": "NixOS",
        "ref": "nixpkgs-unstable",
        "repo": "nixpkgs",
        "type": "github"
      }
    },
    "nixpkgs-lib": {
      "locked": {
        "lastModified": 1761765539,
        "narHash": "sha256-b0yj6kfvO8ApcSE+QmA6mUfu8IYG6/uU28OFn4PaC8M=",
        "owner": "nix-community",
        "repo": "nixpkgs.lib",
        "rev": "719359f4562934ae99f5443f20aa06c2ffff91fc",
        "type": "github"
      },
      "original": {
        "owner": "nix-community",
        "repo": "nixpkgs.lib",
        "type": "github"
      }
    },
    "nixpkgs-stable": {
      "locked": {
        "lastModified": 1762980106,
        "narHash": "sha256-f81lDi83ey8QnA4ELDTvLXEn2JHFZeio6V6hpCI4EGI=",
        "owner": "nixos",
        "repo": "nixpkgs",
        "rev": "89f2c4bd4074b1b507040561a967025fcf61ba56",
        "type": "github"
      },
      "original": {
        "owner": "nixos",
        "ref": "release-25.05",
        "repo": "nixpkgs",
        "type": "github"
      }
    },
    "nixpkgs_2": {
      "locked": {
        "lastModified": 1761907660,
        "narHash": "sha256-kJ8lIZsiPOmbkJypG+B5sReDXSD1KGu2VEPNqhRa/ew=",
        "owner": "nixos",
        "repo": "nixpkgs",
        "rev": "2fb006b87f04c4d3bdf08cfdbc7fab9c13d94a15",
        "type": "github"
      },
      "original": {
        "owner": "nixos",
        "repo": "nixpkgs",
        "rev": "2fb006b87f04c4d3bdf08cfdbc7fab9c13d94a15",
        "type": "github"
      }
    },
    "nixpkgs_3": {
      "locked": {
        "lastModified": 1762361079,
        "narHash": "sha256-lz718rr1BDpZBYk7+G8cE6wee3PiBUpn8aomG/vLLiY=",
        "owner": "NixOS",
        "repo": "nixpkgs",
        "rev": "ffcdcf99d65c61956d882df249a9be53e5902ea5",
        "type": "github"
      },
      "original": {
        "owner": "NixOS",
        "ref": "nixpkgs-unstable",
        "repo": "nixpkgs",
        "type": "github"
      }
    },
    "nixpkgs_4": {
      "locked": {
        "lastModified": 1762844143,
        "narHash": "sha256-SlybxLZ1/e4T2lb1czEtWVzDCVSTvk9WLwGhmxFmBxI=",
        "owner": "nixos",
        "repo": "nixpkgs",
        "rev": "9da7f1cf7f8a6e2a7cb3001b048546c92a8258b4",
        "type": "github"
      },
      "original": {
        "owner": "nixos",
        "ref": "nixos-unstable",
        "repo": "nixpkgs",
        "type": "github"
      }
    },
    "root": {
      "inputs": {
        "home-manager": "home-manager",
        "hydenix": "hydenix",
        "nix-gaming": "nix-gaming",
        "nix-podman-stacks": "nix-podman-stacks",
        "nixos-hardware": "nixos-hardware_2",
        "nixpkgs": "nixpkgs_4",
        "nixpkgs-stable": "nixpkgs-stable"
      }
    },
    "rust-overlay": {
      "inputs": {
        "nixpkgs": "nixpkgs"
      },
      "locked": {
        "lastModified": 1762396738,
        "narHash": "sha256-BarSecuxtzp1boERdABLkkoxQTi6s/V33lJwUbWLrLY=",
        "owner": "oxalica",
        "repo": "rust-overlay",
        "rev": "c63598992afd54d215d54f2b764adc0484c2b159",
        "type": "github"
      },
      "original": {
        "owner": "oxalica",
        "repo": "rust-overlay",
        "type": "github"
      }
    },
    "search": {
      "inputs": {
        "flake-utils": "flake-utils_2",
        "ixx": "ixx",
        "nixpkgs": [
          "nix-podman-stacks",
          "nixpkgs"
        ]
      },
      "locked": {
        "lastModified": 1755555503,
        "narHash": "sha256-WiOO7GUOsJ4/DoMy2IC5InnqRDSo2U11la48vCCIjjY=",
        "owner": "NuschtOS",
        "repo": "search",
        "rev": "6f3efef888b92e6520f10eae15b86ff537e1d2ea",
        "type": "github"
      },
      "original": {
        "owner": "NuschtOS",
        "repo": "search",
        "type": "github"
      }
    },
    "sops-nix": {
      "inputs": {
        "nixpkgs": [
          "nix-podman-stacks",
          "nixpkgs"
        ]
      },
      "locked": {
        "lastModified": 1754988908,
        "narHash": "sha256-t+voe2961vCgrzPFtZxha0/kmFSHFobzF00sT8p9h0U=",
        "owner": "Mic92",
        "repo": "sops-nix",
        "rev": "3223c7a92724b5d804e9988c6b447a0d09017d48",
        "type": "github"
      },
      "original": {
        "owner": "Mic92",
        "repo": "sops-nix",
        "type": "github"
      }
    },
    "systems": {
      "locked": {
        "lastModified": 1681028828,
        "narHash": "sha256-Vy1rq5AaRuLzOxct8nz4T6wlgyUR7zLU309k9mBC768=",
        "owner": "nix-systems",
        "repo": "default",
        "rev": "da67096a3b9bf56a91d16901293e51ba5b49a27e",
        "type": "github"
      },
      "original": {
        "owner": "nix-systems",
        "repo": "default",
        "type": "github"
      }
    },
    "systems_2": {
      "locked": {
        "lastModified": 1681028828,
        "narHash": "sha256-Vy1rq5AaRuLzOxct8nz4T6wlgyUR7zLU309k9mBC768=",
        "owner": "nix-systems",
        "repo": "default",
        "rev": "da67096a3b9bf56a91d16901293e51ba5b49a27e",
        "type": "github"
      },
      "original": {
        "owner": "nix-systems",
        "repo": "default",
        "type": "github"
      }
    }
  },
  "root": "root",
  "version": 7
}
